1996277:0:WAITING-4;WAITING-41;WAITING-23;WAITING-33;INIT;WAITING-35;WAITING-12;WAITING-11;WAITING-13;WAITING-45;WAITING-32;WAITING-44;WAITING-31;WAITING-1;WAITING-25;WAITING-39;WAITING-19;WAITING-47;WAITING-20;WAITING-18;WAITING-9;WAITING-14;WAITING-37;WAITING-42;WAITING-36;WAITING-34;WAITING-24;WAITING-27;WAITING-21;WAITING-29;WAITING-38;WAITING-17;WAITING-6;WAITING-2;WAITING-7;WAITING-10;WAITING-5;WAITING-3;WAITING-16;WAITING-28;WAITING-48;WAITING-8;WAITING-15;WAITING-40;WAITING-43;WAITING-22;WAITING-50;WAITING-30;WAITING-46;WAITING-26;WAITING-49
