2047997:0:WAITING-34;WAITING-33;WAITING-25;WAITING-8;WAITING-19;WAITING-20;WAITING-28;WAITING-44;WAITING-43;WAITING-46;WAITING-13;WAITING-42;WAITING-31;WAITING-23;WAITING-3;WAITING-12;WAITING-50;WAITING-45;WAITING-49;WAITING-1;WAITING-24;WAITING-36;WAITING-39;WAITING-35;WAITING-2;INIT;WAITING-16;WAITING-9;WAITING-4;WAITING-26;WAITING-37;WAITING-15;WAITING-22;WAITING-32;WAITING-27;WAITING-41;WAITING-14;WAITING-21;WAITING-40;WAITING-17;WAITING-7;WAITING-10;WAITING-6;WAITING-18;WAITING-48;WAITING-11;WAITING-29;WAITING-30;WAITING-38;WAITING-5;WAITING-47
